// !$*UTF8*$!
{
	archiveVersion = 1;
	classes = {
	};
	objectVersion = 46;
	objects = {

/* Begin PBXBuildFile section */
		2B3DB3651E63CBC1006BD1A1 /* main.m in Sources */ = {isa = PBXBuildFile; fileRef = 2B3DB3641E63CBC1006BD1A1 /* main.m */; };
		2B3DB3681E63CBC1006BD1A1 /* AppDelegate.m in Sources */ = {isa = PBXBuildFile; fileRef = 2B3DB3671E63CBC1006BD1A1 /* AppDelegate.m */; };
		2B3DB36B1E63CBC1006BD1A1 /* ViewController.m in Sources */ = {isa = PBXBuildFile; fileRef = 2B3DB36A1E63CBC1006BD1A1 /* ViewController.m */; };
		2B3DB36E1E63CBC1006BD1A1 /* Main.storyboard in Resources */ = {isa = PBXBuildFile; fileRef = 2B3DB36C1E63CBC1006BD1A1 /* Main.storyboard */; };
		2B3DB3701E63CBC1006BD1A1 /* Assets.xcassets in Resources */ = {isa = PBXBuildFile; fileRef = 2B3DB36F1E63CBC1006BD1A1 /* Assets.xcassets */; };
		2B3DB3731E63CBC1006BD1A1 /* LaunchScreen.storyboard in Resources */ = {isa = PBXBuildFile; fileRef = 2B3DB3711E63CBC1006BD1A1 /* LaunchScreen.storyboard */; };
		2B3DB37E1E63CBC1006BD1A1 /* OBMapTestDemoTests.m in Sources */ = {isa = PBXBuildFile; fileRef = 2B3DB37D1E63CBC1006BD1A1 /* OBMapTestDemoTests.m */; };
		2B3DB3891E63CBC1006BD1A1 /* OBMapTestDemoUITests.m in Sources */ = {isa = PBXBuildFile; fileRef = 2B3DB3881E63CBC1006BD1A1 /* OBMapTestDemoUITests.m */; };
/* End PBXBuildFile section */

/* Begin PBXContainerItemProxy section */
		2B3DB37A1E63CBC1006BD1A1 /* PBXContainerItemProxy */ = {
			isa = PBXContainerItemProxy;
			containerPortal = 2B3DB3581E63CBC1006BD1A1 /* Project object */;
			proxyType = 1;
			remoteGlobalIDString = 2B3DB35F1E63CBC1006BD1A1;
			remoteInfo = OBMapTestDemo;
		};
		2B3DB3851E63CBC1006BD1A1 /* PBXContainerItemProxy */ = {
			isa = PBXContainerItemProxy;
			containerPortal = 2B3DB3581E63CBC1006BD1A1 /* Project object */;
			proxyType = 1;
			remoteGlobalIDString = 2B3DB35F1E63CBC1006BD1A1;
			remoteInfo = OBMapTestDemo;
		};
/* End PBXContainerItemProxy section */

/* Begin PBXFileReference section */
		2B3DB3601E63CBC1006BD1A1 /* OBMapTestDemo.app */ = {isa = PBXFileReference; explicitFileType = wrapper.application; includeInIndex = 0; path = OBMapTestDemo.app; sourceTree = BUILT_PRODUCTS_DIR; };
		2B3DB3641E63CBC1006BD1A1 /* main.m */ = {isa = PBXFileReference; lastKnownFileType = sourcecode.c.objc; path = main.m; sourceTree = "<group>"; };
		2B3DB3661E63CBC1006BD1A1 /* AppDelegate.h */ = {isa = PBXFileReference; lastKnownFileType = sourcecode.c.h; path = AppDelegate.h; sourceTree = "<group>"; };
		2B3DB3671E63CBC1006BD1A1 /* AppDelegate.m */ = {isa = PBXFileReference; lastKnownFileType = sourcecode.c.objc; path = AppDelegate.m; sourceTree = "<group>"; };
		2B3DB3691E63CBC1006BD1A1 /* ViewController.h */ = {isa = PBXFileReference; lastKnownFileType = sourcecode.c.h; path = ViewController.h; sourceTree = "<group>"; };
		2B3DB36A1E63CBC1006BD1A1 /* ViewController.m */ = {isa = PBXFileReference; lastKnownFileType = sourcecode.c.objc; path = ViewController.m; sourceTree = "<group>"; };
		2B3DB36D1E63CBC1006BD1A1 /* Base */ = {isa = PBXFileReference; lastKnownFileType = file.storyboard; name = Base; path = Base.lproj/Main.storyboard; sourceTree = "<group>"; };
		2B3DB36F1E63CBC1006BD1A1 /* Assets.xcassets */ = {isa = PBXFileReference; lastKnownFileType = folder.assetcatalog; path = Assets.xcassets; sourceTree = "<group>"; };
		2B3DB3721E63CBC1006BD1A1 /* Base */ = {isa = PBXFileReference; lastKnownFileType = file.storyboard; name = Base; path = Base.lproj/LaunchScreen.storyboard; sourceTree = "<group>"; };
		2B3DB3741E63CBC1006BD1A1 /* Info.plist */ = {isa = PBXFileReference; lastKnownFileType = text.plist.xml; path = Info.plist; sourceTree = "<group>"; };
		2B3DB3791E63CBC1006BD1A1 /* OBMapTestDemoTests.xctest */ = {isa = PBXFileReference; explicitFileType = wrapper.cfbundle; includeInIndex = 0; path = OBMapTestDemoTests.xctest; sourceTree = BUILT_PRODUCTS_DIR; };
		2B3DB37D1E63CBC1006BD1A1 /* OBMapTestDemoTests.m */ = {isa = PBXFileReference; lastKnownFileType = sourcecode.c.objc; path = OBMapTestDemoTests.m; sourceTree = "<group>"; };
		2B3DB37F1E63CBC1006BD1A1 /* Info.plist */ = {isa = PBXFileReference; lastKnownFileType = text.plist.xml; path = Info.plist; sourceTree = "<group>"; };
		2B3DB3841E63CBC1006BD1A1 /* OBMapTestDemoUITests.xctest */ = {isa = PBXFileReference; explicitFileType = wrapper.cfbundle; includeInIndex = 0; path = OBMapTestDemoUITests.xctest; sourceTree = BUILT_PRODUCTS_DIR; };
		2B3DB3881E63CBC1006BD1A1 /* OBMapTestDemoUITests.m */ = {isa = PBXFileReference; lastKnownFileType = sourcecode.c.objc; path = OBMapTestDemoUITests.m; sourceTree = "<group>"; };
		2B3DB38A1E63CBC1006BD1A1 /* Info.plist */ = {isa = PBXFileReference; lastKnownFileType = text.plist.xml; path = Info.plist; sourceTree = "<group>"; };
/* End PBXFileReference section */

/* Begin PBXFrameworksBuildPhase section */
		2B3DB35D1E63CBC1006BD1A1 /* Frameworks */ = {
			isa = PBXFrameworksBuildPhase;
			buildActionMask = 2147483647;
			files = (
			);
			runOnlyForDeploymentPostprocessing = 0;
		};
		2B3DB3761E63CBC1006BD1A1 /* Frameworks */ = {
			isa = PBXFrameworksBuildPhase;
			buildActionMask = 2147483647;
			files = (
			);
			runOnlyForDeploymentPostprocessing = 0;
		};
		2B3DB3811E63CBC1006BD1A1 /* Frameworks */ = {
			isa = PBXFrameworksBuildPhase;
			buildActionMask = 2147483647;
			files = (
			);
			runOnlyForDeploymentPostprocessing = 0;
		};
/* End PBXFrameworksBuildPhase section */

/* Begin PBXGroup section */
		2B3DB3571E63CBC1006BD1A1 = {
			isa = PBXGroup;
			children = (
				2B3DB3621E63CBC1006BD1A1 /* OBMapTestDemo */,
				2B3DB37C1E63CBC1006BD1A1 /* OBMapTestDemoTests */,
				2B3DB3871E63CBC1006BD1A1 /* OBMapTestDemoUITests */,
				2B3DB3611E63CBC1006BD1A1 /* Products */,
			);
			sourceTree = "<group>";
		};
		2B3DB3611E63CBC1006BD1A1 /* Products */ = {
			isa = PBXGroup;
			children = (
				2B3DB3601E63CBC1006BD1A1 /* OBMapTestDemo.app */,
				2B3DB3791E63CBC1006BD1A1 /* OBMapTestDemoTests.xctest */,
				2B3DB3841E63CBC1006BD1A1 /* OBMapTestDemoUITests.xctest */,
			);
			name = Products;
			sourceTree = "<group>";
		};
		2B3DB3621E63CBC1006BD1A1 /* OBMapTestDemo */ = {
			isa = PBXGroup;
			children = (
				2B3DB3661E63CBC1006BD1A1 /* AppDelegate.h */,
				2B3DB3671E63CBC1006BD1A1 /* AppDelegate.m */,
				2B3DB3691E63CBC1006BD1A1 /* ViewController.h */,
				2B3DB36A1E63CBC1006BD1A1 /* ViewController.m */,
				2B3DB36C1E63CBC1006BD1A1 /* Main.storyboard */,
				2B3DB36F1E63CBC1006BD1A1 /* Assets.xcassets */,
				2B3DB3711E63CBC1006BD1A1 /* LaunchScreen.storyboard */,
				2B3DB3741E63CBC1006BD1A1 /* Info.plist */,
				2B3DB3631E63CBC1006BD1A1 /* Supporting Files */,
			);
			path = OBMapTestDemo;
			sourceTree = "<group>";
		};
		2B3DB3631E63CBC1006BD1A1 /* Supporting Files */ = {
			isa = PBXGroup;
			children = (
				2B3DB3641E63CBC1006BD1A1 /* main.m */,
			);
			name = "Supporting Files";
			sourceTree = "<group>";
		};
		2B3DB37C1E63CBC1006BD1A1 /* OBMapTestDemoTests */ = {
			isa = PBXGroup;
			children = (
				2B3DB37D1E63CBC1006BD1A1 /* OBMapTestDemoTests.m */,
				2B3DB37F1E63CBC1006BD1A1 /* Info.plist */,
			);
			path = OBMapTestDemoTests;
			sourceTree = "<group>";
		};
		2B3DB3871E63CBC1006BD1A1 /* OBMapTestDemoUITests */ = {
			isa = PBXGroup;
			children = (
				2B3DB3881E63CBC1006BD1A1 /* OBMapTestDemoUITests.m */,
				2B3DB38A1E63CBC1006BD1A1 /* Info.plist */,
			);
			path = OBMapTestDemoUITests;
			sourceTree = "<group>";
		};
/* End PBXGroup section */

/* Begin PBXNativeTarget section */
		2B3DB35F1E63CBC1006BD1A1 /* OBMapTestDemo */ = {
			isa = PBXNativeTarget;
			buildConfigurationList = 2B3DB38D1E63CBC1006BD1A1 /* Build configuration list for PBXNativeTarget "OBMapTestDemo" */;
			buildPhases = (
				2B3DB35C1E63CBC1006BD1A1 /* Sources */,
				2B3DB35D1E63CBC1006BD1A1 /* Frameworks */,
				2B3DB35E1E63CBC1006BD1A1 /* Resources */,
			);
			buildRules = (
			);
			dependencies = (
			);
			name = OBMapTestDemo;
			productName = OBMapTestDemo;
			productReference = 2B3DB3601E63CBC1006BD1A1 /* OBMapTestDemo.app */;
			productType = "com.apple.product-type.application";
		};
		2B3DB3781E63CBC1006BD1A1 /* OBMapTestDemoTests */ = {
			isa = PBXNativeTarget;
			buildConfigurationList = 2B3DB3901E63CBC1006BD1A1 /* Build configuration list for PBXNativeTarget "OBMapTestDemoTests" */;
			buildPhases = (
				2B3DB3751E63CBC1006BD1A1 /* Sources */,
				2B3DB3761E63CBC1006BD1A1 /* Frameworks */,
				2B3DB3771E63CBC1006BD1A1 /* Resources */,
			);
			buildRules = (
			);
			dependencies = (
				2B3DB37B1E63CBC1006BD1A1 /* PBXTargetDependency */,
			);
			name = OBMapTestDemoTests;
			productName = OBMapTestDemoTests;
			productReference = 2B3DB3791E63CBC1006BD1A1 /* OBMapTestDemoTests.xctest */;
			productType = "com.apple.product-type.bundle.unit-test";
		};
		2B3DB3831E63CBC1006BD1A1 /* OBMapTestDemoUITests */ = {
			isa = PBXNativeTarget;
			buildConfigurationList = 2B3DB3931E63CBC1006BD1A1 /* Build configuration list for PBXNativeTarget "OBMapTestDemoUITests" */;
			buildPhases = (
				2B3DB3801E63CBC1006BD1A1 /* Sources */,
				2B3DB3811E63CBC1006BD1A1 /* Frameworks */,
				2B3DB3821E63CBC1006BD1A1 /* Resources */,
			);
			buildRules = (
			);
			dependencies = (
				2B3DB3861E63CBC1006BD1A1 /* PBXTargetDependency */,
			);
			name = OBMapTestDemoUITests;
			productName = OBMapTestDemoUITests;
			productReference = 2B3DB3841E63CBC1006BD1A1 /* OBMapTestDemoUITests.xctest */;
			productType = "com.apple.product-type.bundle.ui-testing";
		};
/* End PBXNativeTarget section */

/* Begin PBXProject section */
		2B3DB3581E63CBC1006BD1A1 /* Project object */ = {
			isa = PBXProject;
			attributes = {
				LastUpgradeCheck = 0820;
				ORGANIZATIONNAME = obally;
				TargetAttributes = {
					2B3DB35F1E63CBC1006BD1A1 = {
						CreatedOnToolsVersion = 8.2.1;
						DevelopmentTeam = W3QM2QK666;
						ProvisioningStyle = Automatic;
					};
					2B3DB3781E63CBC1006BD1A1 = {
						CreatedOnToolsVersion = 8.2.1;
						DevelopmentTeam = W3QM2QK666;
						ProvisioningStyle = Automatic;
						TestTargetID = 2B3DB35F1E63CBC1006BD1A1;
					};
					2B3DB3831E63CBC1006BD1A1 = {
						CreatedOnToolsVersion = 8.2.1;
						DevelopmentTeam = W3QM2QK666;
						ProvisioningStyle = Automatic;
						TestTargetID = 2B3DB35F1E63CBC1006BD1A1;
					};
				};
			};
			buildConfigurationList = 2B3DB35B1E63CBC1006BD1A1 /* Build configuration list for PBXProject "OBMapTestDemo" */;
			compatibilityVersion = "Xcode 3.2";
			developmentRegion = English;
			hasScannedForEncodings = 0;
			knownRegions = (
				en,
				Base,
			);
			mainGroup = 2B3DB3571E63CBC1006BD1A1;
			productRefGroup = 2B3DB3611E63CBC1006BD1A1 /* Products */;
			projectDirPath = "";
			projectRoot = "";
			targets = (
				2B3DB35F1E63CBC1006BD1A1 /* OBMapTestDemo */,
				2B3DB3781E63CBC1006BD1A1 /* OBMapTestDemoTests */,
				2B3DB3831E63CBC1006BD1A1 /* OBMapTestDemoUITests */,
			);
		};
/* End PBXProject section */

/* Begin PBXResourcesBuildPhase section */
		2B3DB35E1E63CBC1006BD1A1 /* Resources */ = {
			isa = PBXResourcesBuildPhase;
			buildActionMask = 2147483647;
			files = (
				2B3DB3731E63CBC1006BD1A1 /* LaunchScreen.storyboard in Resources */,
				2B3DB3701E63CBC1006BD1A1 /* Assets.xcassets in Resources */,
				2B3DB36E1E63CBC1006BD1A1 /* Main.storyboard in Resources */,
			);
			runOnlyForDeploymentPostprocessing = 0;
		};
		2B3DB3771E63CBC1006BD1A1 /* Resources */ = {
			isa = PBXResourcesBuildPhase;
			buildActionMask = 2147483647;
			files = (
			);
			runOnlyForDeploymentPostprocessing = 0;
		};
		2B3DB3821E63CBC1006BD1A1 /* Resources */ = {
			isa = PBXResourcesBuildPhase;
			buildActionMask = 2147483647;
			files = (
			);
			runOnlyForDeploymentPostprocessing = 0;
		};
/* End PBXResourcesBuildPhase section */

/* Begin PBXSourcesBuildPhase section */
		2B3DB35C1E63CBC1006BD1A1 /* Sources */ = {
			isa = PBXSourcesBuildPhase;
			buildActionMask = 2147483647;
			files = (
				2B3DB36B1E63CBC1006BD1A1 /* ViewController.m in Sources */,
				2B3DB3681E63CBC1006BD1A1 /* AppDelegate.m in Sources */,
				2B3DB3651E63CBC1006BD1A1 /* main.m in Sources */,
			);
			runOnlyForDeploymentPostprocessing = 0;
		};
		2B3DB3751E63CBC1006BD1A1 /* Sources */ = {
			isa = PBXSourcesBuildPhase;
			buildActionMask = 2147483647;
			files = (
				2B3DB37E1E63CBC1006BD1A1 /* OBMapTestDemoTests.m in Sources */,
			);
			runOnlyForDeploymentPostprocessing = 0;
		};
		2B3DB3801E63CBC1006BD1A1 /* Sources */ = {
			isa = PBXSourcesBuildPhase;
			buildActionMask = 2147483647;
			files = (
				2B3DB3891E63CBC1006BD1A1 /* OBMapTestDemoUITests.m in Sources */,
			);
			runOnlyForDeploymentPostprocessing = 0;
		};
/* End PBXSourcesBuildPhase section */

/* Begin PBXTargetDependency section */
		2B3DB37B1E63CBC1006BD1A1 /* PBXTargetDependency */ = {
			isa = PBXTargetDependency;
			target = 2B3DB35F1E63CBC1006BD1A1 /* OBMapTestDemo */;
			targetProxy = 2B3DB37A1E63CBC1006BD1A1 /* PBXContainerItemProxy */;
		};
		2B3DB3861E63CBC1006BD1A1 /* PBXTargetDependency */ = {
			isa = PBXTargetDependency;
			target = 2B3DB35F1E63CBC1006BD1A1 /* OBMapTestDemo */;
			targetProxy = 2B3DB3851E63CBC1006BD1A1 /* PBXContainerItemProxy */;
		};
/* End PBXTargetDependency section */

/* Begin PBXVariantGroup section */
		2B3DB36C1E63CBC1006BD1A1 /* Main.storyboard */ = {
			isa = PBXVariantGroup;
			children = (
				2B3DB36D1E63CBC1006BD1A1 /* Base */,
			);
			name = Main.storyboard;
			sourceTree = "<group>";
		};
		2B3DB3711E63CBC1006BD1A1 /* LaunchScreen.storyboard */ = {
			isa = PBXVariantGroup;
			children = (
				2B3DB3721E63CBC1006BD1A1 /* Base */,
			);
			name = LaunchScreen.storyboard;
			sourceTree = "<group>";
		};
/* End PBXVariantGroup section */

/* Begin XCBuildConfiguration section */
		2B3DB38B1E63CBC1006BD1A1 /* Debug */ = {
			isa = XCBuildConfiguration;
			buildSettings = {
				ALWAYS_SEARCH_USER_PATHS = NO;
				CLANG_ANALYZER_NONNULL = YES;
				CLANG_CXX_LANGUAGE_STANDARD = "gnu++0x";
				CLANG_CXX_LIBRARY = "libc++";
				CLANG_ENABLE_MODULES = YES;
				CLANG_ENABLE_OBJC_ARC = YES;
				CLANG_WARN_BOOL_CONVERSION = YES;
				CLANG_WARN_CONSTANT_CONVERSION = YES;
				CLANG_WARN_DIRECT_OBJC_ISA_USAGE = YES_ERROR;
				CLANG_WARN_DOCUMENTATION_COMMENTS = YES;
				CLANG_WARN_EMPTY_BODY = YES;
				CLANG_WARN_ENUM_CONVERSION = YES;
				CLANG_WARN_INFINITE_RECURSION = YES;
				CLANG_WARN_INT_CONVERSION = YES;
				CLANG_WARN_OBJC_ROOT_CLASS = YES_ERROR;
				CLANG_WARN_SUSPICIOUS_MOVE = YES;
				CLANG_WARN_UNREACHABLE_CODE = YES;
				CLANG_WARN__DUPLICATE_METHOD_MATCH = YES;
				"CODE_SIGN_IDENTITY[sdk=iphoneos*]" = "iPhone Developer";
				COPY_PHASE_STRIP = NO;
				DEBUG_INFORMATION_FORMAT = dwarf;
				ENABLE_STRICT_OBJC_MSGSEND = YES;
				ENABLE_TESTABILITY = YES;
				GCC_C_LANGUAGE_STANDARD = gnu99;
				GCC_DYNAMIC_NO_PIC = NO;
				GCC_NO_COMMON_BLOCKS = YES;
				GCC_OPTIMIZATION_LEVEL = 0;
				GCC_PREPROCESSOR_DEFINITIONS = (
					"DEBUG=1",
					"$(inherited)",
				);
				GCC_WARN_64_TO_32_BIT_CONVERSION = YES;
				GCC_WARN_ABOUT_RETURN_TYPE = YES_ERROR;
				GCC_WARN_UNDECLARED_SELECTOR = YES;
				GCC_WARN_UNINITIALIZED_AUTOS = YES_AGGRESSIVE;
				GCC_WARN_UNUSED_FUNCTION = YES;
				GCC_WARN_UNUSED_VARIABLE = YES;
				IPHONEOS_DEPLOYMENT_TARGET = 10.2;
				MTL_ENABLE_DEBUG_INFO = YES;
				ONLY_ACTIVE_ARCH = YES;
				SDKROOT = iphoneos;
			};
			name = Debug;
		};
		2B3DB38C1E63CBC1006BD1A1 /* Release */ = {
			isa = XCBuildConfiguration;
			buildSettings = {
				ALWAYS_SEARCH_USER_PATHS = NO;
				CLANG_ANALYZER_NONNULL = YES;
				CLANG_CXX_LANGUAGE_STANDARD = "gnu++0x";
				CLANG_CXX_LIBRARY = "libc++";
				CLANG_ENABLE_MODULES = YES;
				CLANG_ENABLE_OBJC_ARC = YES;
				CLANG_WARN_BOOL_CONVERSION = YES;
				CLANG_WARN_CONSTANT_CONVERSION = YES;
				CLANG_WARN_DIRECT_OBJC_ISA_USAGE = YES_ERROR;
				CLANG_WARN_DOCUMENTATION_COMMENTS = YES;
				CLANG_WARN_EMPTY_BODY = YES;
				CLANG_WARN_ENUM_CONVERSION = YES;
				CLANG_WARN_INFINITE_RECURSION = YES;
				CLANG_WARN_INT_CONVERSION = YES;
				CLANG_WARN_OBJC_ROOT_CLASS = YES_ERROR;
				CLANG_WARN_SUSPICIOUS_MOVE = YES;
				CLANG_WARN_UNREACHABLE_CODE = YES;
				CLANG_WARN__DUPLICATE_METHOD_MATCH = YES;
				"CODE_SIGN_IDENTITY[sdk=iphoneos*]" = "iPhone Developer";
				COPY_PHASE_STRIP = NO;
				DEBUG_INFORMATION_FORMAT = "dwarf-with-dsym";
				ENABLE_NS_ASSERTIONS = NO;
				ENABLE_STRICT_OBJC_MSGSEND = YES;
				GCC_C_LANGUAGE_STANDARD = gnu99;
				GCC_NO_COMMON_BLOCKS = YES;
				GCC_WARN_64_TO_32_BIT_CONVERSION = YES;
				GCC_WARN_ABOUT_RETURN_TYPE = YES_ERROR;
				GCC_WARN_UNDECLARED_SELECTOR = YES;
				GCC_WARN_UNINITIALIZED_AUTOS = YES_AGGRESSIVE;
				GCC_WARN_UNUSED_FUNCTION = YES;
				GCC_WARN_UNUSED_VARIABLE = YES;
				IPHONEOS_DEPLOYMENT_TARGET = 10.2;
				MTL_ENABLE_DEBUG_INFO = NO;
				SDKROOT = iphoneos;
				VALIDATE_PRODUCT = YES;
			};
			name = Release;
		};
		2B3DB38E1E63CBC1006BD1A1 /* Debug */ = {
			isa = XCBuildConfiguration;
			buildSettings = {
				ASSETCATALOG_COMPILER_APPICON_NAME = AppIcon;
				DEVELOPMENT_TEAM = W3QM2QK666;
				INFOPLIST_FILE = OBMapTestDemo/Info.plist;
				LD_RUNPATH_SEARCH_PATHS = "$(inherited) @executable_path/Frameworks";
				PRODUCT_BUNDLE_IDENTIFIER = com.synjones.OBMapTestDemo;
				PRODUCT_NAME = "$(TARGET_NAME)";
			};
			name = Debug;
		};
		2B3DB38F1E63CBC1006BD1A1 /* Release */ = {
			isa = XCBuildConfiguration;
			buildSettings = {
				ASSETCATALOG_COMPILER_APPICON_NAME = AppIcon;
				DEVELOPMENT_TEAM = W3QM2QK666;
				INFOPLIST_FILE = OBMapTestDemo/Info.plist;
				LD_RUNPATH_SEARCH_PATHS = "$(inherited) @executable_path/Frameworks";
				PRODUCT_BUNDLE_IDENTIFIER = com.synjones.OBMapTestDemo;
				PRODUCT_NAME = "$(TARGET_NAME)";
			};
			name = Release;
		};
		2B3DB3911E63CBC1006BD1A1 /* Debug */ = {
			isa = XCBuildConfiguration;
			buildSettings = {
				BUNDLE_LOADER = "$(TEST_HOST)";
				DEVELOPMENT_TEAM = W3QM2QK666;
				INFOPLIST_FILE = OBMapTestDemoTests/Info.plist;
				LD_RUNPATH_SEARCH_PATHS = "$(inherited) @executable_path/Frameworks @loader_path/Frameworks";
				PRODUCT_BUNDLE_IDENTIFIER = com.synjones.OBMapTestDemoTests;
				PRODUCT_NAME = "$(TARGET_NAME)";
				TEST_HOST = "$(BUILT_PRODUCTS_DIR)/OBMapTestDemo.app/OBMapTestDemo";
			};
			name = Debug;
		};
		2B3DB3921E63CBC1006BD1A1 /* Release */ = {
			isa = XCBuildConfiguration;
			buildSettings = {
				BUNDLE_LOADER = "$(TEST_HOST)";
				DEVELOPMENT_TEAM = W3QM2QK666;
				INFOPLIST_FILE = OBMapTestDemoTests/Info.plist;
				LD_RUNPATH_SEARCH_PATHS = "$(inherited) @executable_path/Frameworks @loader_path/Frameworks";
				PRODUCT_BUNDLE_IDENTIFIER = com.synjones.OBMapTestDemoTests;
				PRODUCT_NAME = "$(TARGET_NAME)";
				TEST_HOST = "$(BUILT_PRODUCTS_DIR)/OBMapTestDemo.app/OBMapTestDemo";
			};
			name = Release;
		};
		2B3DB3941E63CBC1006BD1A1 /* Debug */ = {
			isa = XCBuildConfiguration;
			buildSettings = {
				DEVELOPMENT_TEAM = W3QM2QK666;
				INFOPLIST_FILE = OBMapTestDemoUITests/Info.plist;
				LD_RUNPATH_SEARCH_PATHS = "$(inherited) @executable_path/Frameworks @loader_path/Frameworks";
				PRODUCT_BUNDLE_IDENTIFIER = com.synjones.OBMapTestDemoUITests;
				PRODUCT_NAME = "$(TARGET_NAME)";
				TEST_TARGET_NAME = OBMapTestDemo;
			};
			name = Debug;
		};
		2B3DB3951E63CBC1006BD1A1 /* Release */ = {
			isa = XCBuildConfiguration;
			buildSettings = {
				DEVELOPMENT_TEAM = W3QM2QK666;
				INFOPLIST_FILE = OBMapTestDemoUITests/Info.plist;
				LD_RUNPATH_SEARCH_PATHS = "$(inherited) @executable_path/Frameworks @loader_path/Frameworks";
				PRODUCT_BUNDLE_IDENTIFIER = com.synjones.OBMapTestDemoUITests;
				PRODUCT_NAME = "$(TARGET_NAME)";
				TEST_TARGET_NAME = OBMapTestDemo;
			};
			name = Release;
		};
/* End XCBuildConfiguration section */

/* Begin XCConfigurationList section */
		2B3DB35B1E63CBC1006BD1A1 /* Build configuration list for PBXProject "OBMapTestDemo" */ = {
			isa = XCConfigurationList;
			buildConfigurations = (
				2B3DB38B1E63CBC1006BD1A1 /* Debug */,
				2B3DB38C1E63CBC1006BD1A1 /* Release */,
			);
			defaultConfigurationIsVisible = 0;
			defaultConfigurationName = Release;
		};
		2B3DB38D1E63CBC1006BD1A1 /* Build configuration list for PBXNativeTarget "OBMapTestDemo" */ = {
			isa = XCConfigurationList;
			buildConfigurations = (
				2B3DB38E1E63CBC1006BD1A1 /* Debug */,
				2B3DB38F1E63CBC1006BD1A1 /* Release */,
			);
			defaultConfigurationIsVisible = 0;
		};
		2B3DB3901E63CBC1006BD1A1 /* Build configuration list for PBXNativeTarget "OBMapTestDemoTests" */ = {
			isa = XCConfigurationList;
			buildConfigurations = (
				2B3DB3911E63CBC1006BD1A1 /* Debug */,
				2B3DB3921E63CBC1006BD1A1 /* Release */,
			);
			defaultConfigurationIsVisible = 0;
		};
		2B3DB3931E63CBC1006BD1A1 /* Build configuration list for PBXNativeTarget "OBMapTestDemoUITests" */ = {
			isa = XCConfigurationList;
			buildConfigurations = (
				2B3DB3941E63CBC1006BD1A1 /* Debug */,
				2B3DB3951E63CBC1006BD1A1 /* Release */,
			);
			defaultConfigurationIsVisible = 0;
		};
/* End XCConfigurationList section */
	};
	rootObject = 2B3DB3581E63CBC1006BD1A1 /* Project object */;
}
